
Microsoft Visual Studio Solution File, Format Version 12.00
# Visual Studio Version 17
VisualStudioVersion = 17.7.34221.43
MinimumVisualStudioVersion = 10.0.40219.1
Project("{9A19103F-16F7-4668-BE54-9A1E7A4F7556}") = "BizChat", "BizChat\BizChat.csproj", "{F255FA39-D443-40B0-B112-6498AA2C2030}"
EndProject
Global
	GlobalSection(SolutionConfigurationPlatforms) = preSolution
		Debug|Any CPU = Debug|Any CPU
		Release|Any CPU = Release|Any CPU
	EndGlobalSection
	GlobalSection(ProjectConfigurationPlatforms) = postSolution
		{F255FA39-D443-40B0-B112-6498AA2C2030}.Debug|Any CPU.ActiveCfg = Debug|Any CPU
		{F255FA39-D443-40B0-B112-6498AA2C2030}.Debug|Any CPU.Build.0 = Debug|Any CPU
		{F255FA39-D443-40B0-B112-6498AA2C2030}.Release|Any CPU.ActiveCfg = Release|Any CPU
		{F255FA39-D443-40B0-B112-6498AA2C2030}.Release|Any CPU.Build.0 = Release|Any CPU
	EndGlobalSection
	GlobalSection(SolutionProperties) = preSolution
		HideSolutionNode = FALSE
	EndGlobalSection
	GlobalSection(ExtensibilityGlobals) = postSolution
		SolutionGuid = {C094D67C-10D7-45EC-B347-D3522B97F218}
	EndGlobalSection
EndGlobal
